
Microsoft Visual Studio Solution File, Format Version 12.00
# Visual Studio Version 16
VisualStudioVersion = 16.0.30225.117
MinimumVisualStudioVersion = 10.0.40219.1
Project("{FAE04EC0-301F-11D3-BF4B-00C04F79EFBC}") = "GridBeyondMarketRates", "GridBeyondMarketRates\GridBeyondMarketRates.csproj", "{B1FFD461-315C-4675-BA50-65981A027CBF}"
EndProject
Global
	GlobalSection(SolutionConfigurationPlatforms) = preSolution
		Debug|Any CPU = Debug|Any CPU
		Release|Any CPU = Release|Any CPU
	EndGlobalSection
	GlobalSection(ProjectConfigurationPlatforms) = postSolution
		{B1FFD461-315C-4675-BA50-65981A027CBF}.Debug|Any CPU.ActiveCfg = Debug|Any CPU
		{B1FFD461-315C-4675-BA50-65981A027CBF}.Debug|Any CPU.Build.0 = Debug|Any CPU
		{B1FFD461-315C-4675-BA50-65981A027CBF}.Release|Any CPU.ActiveCfg = Release|Any CPU
		{B1FFD461-315C-4675-BA50-65981A027CBF}.Release|Any CPU.Build.0 = Release|Any CPU
	EndGlobalSection
	GlobalSection(SolutionProperties) = preSolution
		HideSolutionNode = FALSE
	EndGlobalSection
	GlobalSection(ExtensibilityGlobals) = postSolution
		SolutionGuid = {243AE86C-1F14-42B9-B388-3FE65DFB5178}
	EndGlobalSection
EndGlobal
